Microsoft Visual Studio Solution File, Format Version 11.00
# Visual Studio 2008

Project("{90E03DC8-B785-61BE-0351-A820C031606D}") = "Immersive Environments Demo (nov11, 2015 ver)", "Assembly-CSharp.csproj", "{941734FA-916A-040A-6156-5C67FF1D6A49}"
EndProject
Project("{90E03DC8-B785-61BE-0351-A820C031606D}") = "Immersive Environments Demo (nov11, 2015 ver)", "Assembly-CSharp-Editor.csproj", "{83D471C2-1DE6-941F-5C83-A4DDF0216ED8}"
EndProject
Global
	GlobalSection(SolutionConfigurationPlatforms) = preSolution
		Debug|Any CPU = Debug|Any CPU
		Release|Any CPU = Release|Any CPU
	EndGlobalSection
	GlobalSection(ProjectConfigurationPlatforms) = postSolution
		{941734FA-916A-040A-6156-5C67FF1D6A49}.Debug|Any CPU.ActiveCfg = Debug|Any CPU
		{941734FA-916A-040A-6156-5C67FF1D6A49}.Debug|Any CPU.Build.0 = Debug|Any CPU
		{941734FA-916A-040A-6156-5C67FF1D6A49}.Release|Any CPU.ActiveCfg = Release|Any CPU
		{941734FA-916A-040A-6156-5C67FF1D6A49}.Release|Any CPU.Build.0 = Release|Any CPU
		{83D471C2-1DE6-941F-5C83-A4DDF0216ED8}.Debug|Any CPU.ActiveCfg = Debug|Any CPU
		{83D471C2-1DE6-941F-5C83-A4DDF0216ED8}.Debug|Any CPU.Build.0 = Debug|Any CPU
		{83D471C2-1DE6-941F-5C83-A4DDF0216ED8}.Release|Any CPU.ActiveCfg = Release|Any CPU
		{83D471C2-1DE6-941F-5C83-A4DDF0216ED8}.Release|Any CPU.Build.0 = Release|Any CPU
	EndGlobalSection
	GlobalSection(SolutionProperties) = preSolution
		HideSolutionNode = FALSE
	EndGlobalSection
								GlobalSection(MonoDevelopProperties) = preSolution
		StartupItem = Assembly-CSharp.csproj
		Policies = $0
		$0.TextStylePolicy = $1
		$1.inheritsSet = null
		$1.scope = text/x-csharp
		$0.CSharpFormattingPolicy = $2
		$2.inheritsSet = Mono
		$2.inheritsScope = text/x-csharp
		$2.scope = text/x-csharp
		$0.TextStylePolicy = $3
		$3.FileWidth = 120
		$3.TabWidth = 4
		$3.IndentWidth = 4
		$3.EolMarker = Unix
		$3.inheritsSet = Mono
		$3.inheritsScope = text/plain
		$3.scope = text/plain
	EndGlobalSection

EndGlobal
